
Microsoft Visual Studio Solution File, Format Version 12.00
# Visual Studio Version 17
VisualStudioVersion = 17.8.34511.84
MinimumVisualStudioVersion = 10.0.40219.1
Project("{FAE04EC0-301F-11D3-BF4B-00C04F79EFBC}") = "EFExemplo", "EFExemplo\EFExemplo.csproj", "{BEFD3262-888E-499D-B63C-8D5C755F38D9}"
EndProject
Global
	GlobalSection(SolutionConfigurationPlatforms) = preSolution
		Debug|Any CPU = Debug|Any CPU
		Release|Any CPU = Release|Any CPU
	EndGlobalSection
	GlobalSection(ProjectConfigurationPlatforms) = postSolution
		{BEFD3262-888E-499D-B63C-8D5C755F38D9}.Debug|Any CPU.ActiveCfg = Debug|Any CPU
		{BEFD3262-888E-499D-B63C-8D5C755F38D9}.Debug|Any CPU.Build.0 = Debug|Any CPU
		{BEFD3262-888E-499D-B63C-8D5C755F38D9}.Release|Any CPU.ActiveCfg = Release|Any CPU
		{BEFD3262-888E-499D-B63C-8D5C755F38D9}.Release|Any CPU.Build.0 = Release|Any CPU
	EndGlobalSection
	GlobalSection(SolutionProperties) = preSolution
		HideSolutionNode = FALSE
	EndGlobalSection
	GlobalSection(ExtensibilityGlobals) = postSolution
		SolutionGuid = {86F71BAF-1D23-498F-95A4-673701F08AEF}
	EndGlobalSection
EndGlobal
